
Microsoft Visual Studio Solution File, Format Version 12.00
# Visual Studio Version 16
VisualStudioVersion = 16.0.28803.916
MinimumVisualStudioVersion = 10.0.40219.1
Project("{FAE04EC0-301F-11D3-BF4B-00C04F79EFBC}") = "Sharp_Barth", "Sharp_Barth\Sharp_Barth.csproj", "{2D19B192-6956-4D15-A93E-1C7CC9EEB111}"
EndProject
Global
	GlobalSection(SolutionConfigurationPlatforms) = preSolution
		Debug|Any CPU = Debug|Any CPU
		Release|Any CPU = Release|Any CPU
	EndGlobalSection
	GlobalSection(ProjectConfigurationPlatforms) = postSolution
		{2D19B192-6956-4D15-A93E-1C7CC9EEB111}.Debug|Any CPU.ActiveCfg = Debug|Any CPU
		{2D19B192-6956-4D15-A93E-1C7CC9EEB111}.Debug|Any CPU.Build.0 = Debug|Any CPU
		{2D19B192-6956-4D15-A93E-1C7CC9EEB111}.Release|Any CPU.ActiveCfg = Release|Any CPU
		{2D19B192-6956-4D15-A93E-1C7CC9EEB111}.Release|Any CPU.Build.0 = Release|Any CPU
	EndGlobalSection
	GlobalSection(SolutionProperties) = preSolution
		HideSolutionNode = FALSE
	EndGlobalSection
	GlobalSection(ExtensibilityGlobals) = postSolution
		SolutionGuid = {DF641019-52DC-4E90-ACE7-C8E14E28C3D8}
	EndGlobalSection
EndGlobal
